// !$*UTF8*$!
{
	archiveVersion = 1;
	classes = {
	};
	objectVersion = 46;
	objects = {

/* Begin PBXBuildFile section */
		C0524F701EFBFC5E006B36BE /* AppDelegate.swift in Sources */ = {isa = PBXBuildFile; fileRef = C0524F6F1EFBFC5E006B36BE /* AppDelegate.swift */; };
		C0524F721EFBFC5E006B36BE /* ViewController.swift in Sources */ = {isa = PBXBuildFile; fileRef = C0524F711EFBFC5E006B36BE /* ViewController.swift */; };
		C0524F751EFBFC5E006B36BE /* Main.storyboard in Resources */ = {isa = PBXBuildFile; fileRef = C0524F731EFBFC5E006B36BE /* Main.storyboard */; };
		C0524F781EFBFC5E006B36BE /* mycircle.xcdatamodeld in Sources */ = {isa = PBXBuildFile; fileRef = C0524F761EFBFC5E006B36BE /* mycircle.xcdatamodeld */; };
		C0524F7A1EFBFC5E006B36BE /* Assets.xcassets in Resources */ = {isa = PBXBuildFile; fileRef = C0524F791EFBFC5E006B36BE /* Assets.xcassets */; };
		C0524F7D1EFBFC5E006B36BE /* LaunchScreen.storyboard in Resources */ = {isa = PBXBuildFile; fileRef = C0524F7B1EFBFC5E006B36BE /* LaunchScreen.storyboard */; };
/* End PBXBuildFile section */

/* Begin PBXFileReference section */
		C0524F6C1EFBFC5E006B36BE /* mycircle.app */ = {isa = PBXFileReference; explicitFileType = wrapper.application; includeInIndex = 0; path = mycircle.app; sourceTree = BUILT_PRODUCTS_DIR; };
		C0524F6F1EFBFC5E006B36BE /* AppDelegate.swift */ = {isa = PBXFileReference; lastKnownFileType = sourcecode.swift; path = AppDelegate.swift; sourceTree = "<group>"; };
		C0524F711EFBFC5E006B36BE /* ViewController.swift */ = {isa = PBXFileReference; lastKnownFileType = sourcecode.swift; path = ViewController.swift; sourceTree = "<group>"; };
		C0524F741EFBFC5E006B36BE /* Base */ = {isa = PBXFileReference; lastKnownFileType = file.storyboard; name = Base; path = Base.lproj/Main.storyboard; sourceTree = "<group>"; };
		C0524F771EFBFC5E006B36BE /* mycircle.xcdatamodel */ = {isa = PBXFileReference; lastKnownFileType = wrapper.xcdatamodel; path = mycircle.xcdatamodel; sourceTree = "<group>"; };
		C0524F791EFBFC5E006B36BE /* Assets.xcassets */ = {isa = PBXFileReference; lastKnownFileType = folder.assetcatalog; path = Assets.xcassets; sourceTree = "<group>"; };
		C0524F7C1EFBFC5E006B36BE /* Base */ = {isa = PBXFileReference; lastKnownFileType = file.storyboard; name = Base; path = Base.lproj/LaunchScreen.storyboard; sourceTree = "<group>"; };
		C0524F7E1EFBFC5E006B36BE /* Info.plist */ = {isa = PBXFileReference; lastKnownFileType = text.plist.xml; path = Info.plist; sourceTree = "<group>"; };
/* End PBXFileReference section */

/* Begin PBXFrameworksBuildPhase section */
		C0524F691EFBFC5E006B36BE /* Frameworks */ = {
			isa = PBXFrameworksBuildPhase;
			buildActionMask = 2147483647;
			files = (
			);
			runOnlyForDeploymentPostprocessing = 0;
		};
/* End PBXFrameworksBuildPhase section */

/* Begin PBXGroup section */
		C0524F631EFBFC5E006B36BE = {
			isa = PBXGroup;
			children = (
				C0524F6E1EFBFC5E006B36BE /* mycircle */,
				C0524F6D1EFBFC5E006B36BE /* Products */,
			);
			sourceTree = "<group>";
		};
		C0524F6D1EFBFC5E006B36BE /* Products */ = {
			isa = PBXGroup;
			children = (
				C0524F6C1EFBFC5E006B36BE /* mycircle.app */,
			);
			name = Products;
			sourceTree = "<group>";
		};
		C0524F6E1EFBFC5E006B36BE /* mycircle */ = {
			isa = PBXGroup;
			children = (
				C0524F6F1EFBFC5E006B36BE /* AppDelegate.swift */,
				C0524F711EFBFC5E006B36BE /* ViewController.swift */,
				C0524F731EFBFC5E006B36BE /* Main.storyboard */,
				C0524F791EFBFC5E006B36BE /* Assets.xcassets */,
				C0524F7B1EFBFC5E006B36BE /* LaunchScreen.storyboard */,
				C0524F7E1EFBFC5E006B36BE /* Info.plist */,
				C0524F761EFBFC5E006B36BE /* mycircle.xcdatamodeld */,
			);
			path = mycircle;
			sourceTree = "<group>";
		};
/* End PBXGroup section */

/* Begin PBXNativeTarget section */
		C0524F6B1EFBFC5E006B36BE /* mycircle */ = {
			isa = PBXNativeTarget;
			buildConfigurationList = C0524F811EFBFC5E006B36BE /* Build configuration list for PBXNativeTarget "mycircle" */;
			buildPhases = (
				C0524F681EFBFC5E006B36BE /* Sources */,
				C0524F691EFBFC5E006B36BE /* Frameworks */,
				C0524F6A1EFBFC5E006B36BE /* Resources */,
			);
			buildRules = (
			);
			dependencies = (
			);
			name = mycircle;
			productName = mycircle;
			productReference = C0524F6C1EFBFC5E006B36BE /* mycircle.app */;
			productType = "com.apple.product-type.application";
		};
/* End PBXNativeTarget section */

/* Begin PBXProject section */
		C0524F641EFBFC5E006B36BE /* Project object */ = {
			isa = PBXProject;
			attributes = {
				LastSwiftUpdateCheck = 0830;
				LastUpgradeCheck = 0830;
				ORGANIZATIONNAME = "Peter Pineda";
				TargetAttributes = {
					C0524F6B1EFBFC5E006B36BE = {
						CreatedOnToolsVersion = 8.3.2;
						DevelopmentTeam = 2N4RY2RHSH;
						ProvisioningStyle = Automatic;
					};
				};
			};
			buildConfigurationList = C0524F671EFBFC5E006B36BE /* Build configuration list for PBXProject "mycircle" */;
			compatibilityVersion = "Xcode 3.2";
			developmentRegion = English;
			hasScannedForEncodings = 0;
			knownRegions = (
				en,
				Base,
			);
			mainGroup = C0524F631EFBFC5E006B36BE;
			productRefGroup = C0524F6D1EFBFC5E006B36BE /* Products */;
			projectDirPath = "";
			projectRoot = "";
			targets = (
				C0524F6B1EFBFC5E006B36BE /* mycircle */,
			);
		};
/* End PBXProject section */

/* Begin PBXResourcesBuildPhase section */
		C0524F6A1EFBFC5E006B36BE /* Resources */ = {
			isa = PBXResourcesBuildPhase;
			buildActionMask = 2147483647;
			files = (
				C0524F7D1EFBFC5E006B36BE /* LaunchScreen.storyboard in Resources */,
				C0524F7A1EFBFC5E006B36BE /* Assets.xcassets in Resources */,
				C0524F751EFBFC5E006B36BE /* Main.storyboard in Resources */,
			);
			runOnlyForDeploymentPostprocessing = 0;
		};
/* End PBXResourcesBuildPhase section */

/* Begin PBXSourcesBuildPhase section */
		C0524F681EFBFC5E006B36BE /* Sources */ = {
			isa = PBXSourcesBuildPhase;
			buildActionMask = 2147483647;
			files = (
				C0524F721EFBFC5E006B36BE /* ViewController.swift in Sources */,
				C0524F701EFBFC5E006B36BE /* AppDelegate.swift in Sources */,
				C0524F781EFBFC5E006B36BE /* mycircle.xcdatamodeld in Sources */,
			);
			runOnlyForDeploymentPostprocessing = 0;
		};
/* End PBXSourcesBuildPhase section */

/* Begin PBXVariantGroup section */
		C0524F731EFBFC5E006B36BE /* Main.storyboard */ = {
			isa = PBXVariantGroup;
			children = (
				C0524F741EFBFC5E006B36BE /* Base */,
			);
			name = Main.storyboard;
			sourceTree = "<group>";
		};
		C0524F7B1EFBFC5E006B36BE /* LaunchScreen.storyboard */ = {
			isa = PBXVariantGroup;
			children = (
				C0524F7C1EFBFC5E006B36BE /* Base */,
			);
			name = LaunchScreen.storyboard;
			sourceTree = "<group>";
		};
/* End PBXVariantGroup section */

/* Begin XCBuildConfiguration section */
		C0524F7F1EFBFC5E006B36BE /* Debug */ = {
			isa = XCBuildConfiguration;
			buildSettings = {
				ALWAYS_SEARCH_USER_PATHS = NO;
				CLANG_ANALYZER_NONNULL = YES;
				CLANG_ANALYZER_NUMBER_OBJECT_CONVERSION = YES_AGGRESSIVE;
				CLANG_CXX_LANGUAGE_STANDARD = "gnu++0x";
				CLANG_CXX_LIBRARY = "libc++";
				CLANG_ENABLE_MODULES = YES;
				CLANG_ENABLE_OBJC_ARC = YES;
				CLANG_WARN_BOOL_CONVERSION = YES;
				CLANG_WARN_CONSTANT_CONVERSION = YES;
				CLANG_WARN_DIRECT_OBJC_ISA_USAGE = YES_ERROR;
				CLANG_WARN_DOCUMENTATION_COMMENTS = YES;
				CLANG_WARN_EMPTY_BODY = YES;
				CLANG_WARN_ENUM_CONVERSION = YES;
				CLANG_WARN_INFINITE_RECURSION = YES;
				CLANG_WARN_INT_CONVERSION = YES;
				CLANG_WARN_OBJC_ROOT_CLASS = YES_ERROR;
				CLANG_WARN_SUSPICIOUS_MOVE = YES;
				CLANG_WARN_UNREACHABLE_CODE = YES;
				CLANG_WARN__DUPLICATE_METHOD_MATCH = YES;
				"CODE_SIGN_IDENTITY[sdk=iphoneos*]" = "iPhone Developer";
				COPY_PHASE_STRIP = NO;
				DEBUG_INFORMATION_FORMAT = dwarf;
				ENABLE_STRICT_OBJC_MSGSEND = YES;
				ENABLE_TESTABILITY = YES;
				GCC_C_LANGUAGE_STANDARD = gnu99;
				GCC_DYNAMIC_NO_PIC = NO;
				GCC_NO_COMMON_BLOCKS = YES;
				GCC_OPTIMIZATION_LEVEL = 0;
				GCC_PREPROCESSOR_DEFINITIONS = (
					"DEBUG=1",
					"$(inherited)",
				);
				GCC_WARN_64_TO_32_BIT_CONVERSION = YES;
				GCC_WARN_ABOUT_RETURN_TYPE = YES_ERROR;
				GCC_WARN_UNDECLARED_SELECTOR = YES;
				GCC_WARN_UNINITIALIZED_AUTOS = YES_AGGRESSIVE;
				GCC_WARN_UNUSED_FUNCTION = YES;
				GCC_WARN_UNUSED_VARIABLE = YES;
				IPHONEOS_DEPLOYMENT_TARGET = 10.3;
				MTL_ENABLE_DEBUG_INFO = YES;
				ONLY_ACTIVE_ARCH = YES;
				SDKROOT = iphoneos;
				SWIFT_ACTIVE_COMPILATION_CONDITIONS = DEBUG;
				SWIFT_OPTIMIZATION_LEVEL = "-Onone";
			};
			name = Debug;
		};
		C0524F801EFBFC5E006B36BE /* Release */ = {
			isa = XCBuildConfiguration;
			buildSettings = {
				ALWAYS_SEARCH_USER_PATHS = NO;
				CLANG_ANALYZER_NONNULL = YES;
				CLANG_ANALYZER_NUMBER_OBJECT_CONVERSION = YES_AGGRESSIVE;
				CLANG_CXX_LANGUAGE_STANDARD = "gnu++0x";
				CLANG_CXX_LIBRARY = "libc++";
				CLANG_ENABLE_MODULES = YES;
				CLANG_ENABLE_OBJC_ARC = YES;
				CLANG_WARN_BOOL_CONVERSION = YES;
				CLANG_WARN_CONSTANT_CONVERSION = YES;
				CLANG_WARN_DIRECT_OBJC_ISA_USAGE = YES_ERROR;
				CLANG_WARN_DOCUMENTATION_COMMENTS = YES;
				CLANG_WARN_EMPTY_BODY = YES;
				CLANG_WARN_ENUM_CONVERSION = YES;
				CLANG_WARN_INFINITE_RECURSION = YES;
				CLANG_WARN_INT_CONVERSION = YES;
				CLANG_WARN_OBJC_ROOT_CLASS = YES_ERROR;
				CLANG_WARN_SUSPICIOUS_MOVE = YES;
				CLANG_WARN_UNREACHABLE_CODE = YES;
				CLANG_WARN__DUPLICATE_METHOD_MATCH = YES;
				"CODE_SIGN_IDENTITY[sdk=iphoneos*]" = "iPhone Developer";
				COPY_PHASE_STRIP = NO;
				DEBUG_INFORMATION_FORMAT = "dwarf-with-dsym";
				ENABLE_NS_ASSERTIONS = NO;
				ENABLE_STRICT_OBJC_MSGSEND = YES;
				GCC_C_LANGUAGE_STANDARD = gnu99;
				GCC_NO_COMMON_BLOCKS = YES;
				GCC_WARN_64_TO_32_BIT_CONVERSION = YES;
				GCC_WARN_ABOUT_RETURN_TYPE = YES_ERROR;
				GCC_WARN_UNDECLARED_SELECTOR = YES;
				GCC_WARN_UNINITIALIZED_AUTOS = YES_AGGRESSIVE;
				GCC_WARN_UNUSED_FUNCTION = YES;
				GCC_WARN_UNUSED_VARIABLE = YES;
				IPHONEOS_DEPLOYMENT_TARGET = 10.3;
				MTL_ENABLE_DEBUG_INFO = NO;
				SDKROOT = iphoneos;
				SWIFT_OPTIMIZATION_LEVEL = "-Owholemodule";
				VALIDATE_PRODUCT = YES;
			};
			name = Release;
		};
		C0524F821EFBFC5E006B36BE /* Debug */ = {
			isa = XCBuildConfiguration;
			buildSettings = {
				ASSETCATALOG_COMPILER_APPICON_NAME = AppIcon;
				DEVELOPMENT_TEAM = 2N4RY2RHSH;
				INFOPLIST_FILE = mycircle/Info.plist;
				LD_RUNPATH_SEARCH_PATHS = "$(inherited) @executable_path/Frameworks";
				PRODUCT_BUNDLE_IDENTIFIER = com.peterpineda.mycircle;
				PRODUCT_NAME = "$(TARGET_NAME)";
				SWIFT_VERSION = 3.0;
			};
			name = Debug;
		};
		C0524F831EFBFC5E006B36BE /* Release */ = {
			isa = XCBuildConfiguration;
			buildSettings = {
				ASSETCATALOG_COMPILER_APPICON_NAME = AppIcon;
				DEVELOPMENT_TEAM = 2N4RY2RHSH;
				INFOPLIST_FILE = mycircle/Info.plist;
				LD_RUNPATH_SEARCH_PATHS = "$(inherited) @executable_path/Frameworks";
				PRODUCT_BUNDLE_IDENTIFIER = com.peterpineda.mycircle;
				PRODUCT_NAME = "$(TARGET_NAME)";
				SWIFT_VERSION = 3.0;
			};
			name = Release;
		};
/* End XCBuildConfiguration section */

/* Begin XCConfigurationList section */
		C0524F671EFBFC5E006B36BE /* Build configuration list for PBXProject "mycircle" */ = {
			isa = XCConfigurationList;
			buildConfigurations = (
				C0524F7F1EFBFC5E006B36BE /* Debug */,
				C0524F801EFBFC5E006B36BE /* Release */,
			);
			defaultConfigurationIsVisible = 0;
			defaultConfigurationName = Release;
		};
		C0524F811EFBFC5E006B36BE /* Build configuration list for PBXNativeTarget "mycircle" */ = {
			isa = XCConfigurationList;
			buildConfigurations = (
				C0524F821EFBFC5E006B36BE /* Debug */,
				C0524F831EFBFC5E006B36BE /* Release */,
			);
			defaultConfigurationIsVisible = 0;
		};
/* End XCConfigurationList section */

/* Begin XCVersionGroup section */
		C0524F761EFBFC5E006B36BE /* mycircle.xcdatamodeld */ = {
			isa = XCVersionGroup;
			children = (
				C0524F771EFBFC5E006B36BE /* mycircle.xcdatamodel */,
			);
			currentVersion = C0524F771EFBFC5E006B36BE /* mycircle.xcdatamodel */;
			path = mycircle.xcdatamodeld;
			sourceTree = "<group>";
			versionGroupType = wrapper.xcdatamodel;
		};
/* End XCVersionGroup section */
	};
	rootObject = C0524F641EFBFC5E006B36BE /* Project object */;
}
